
Microsoft Visual Studio Solution File, Format Version 12.00
# Visual Studio Version 17
VisualStudioVersion = 17.2.32516.85
MinimumVisualStudioVersion = 10.0.40219.1
Project("{9A19103F-16F7-4668-BE54-9A1E7A4F7556}") = "DiscoverWeeklyArchive", "DiscoverWeeklyArchive\DiscoverWeeklyArchive.csproj", "{6FD519B9-7A34-4452-A770-FE1AE15D884A}"
EndProject
Global
	GlobalSection(SolutionConfigurationPlatforms) = preSolution
		Debug|Any CPU = Debug|Any CPU
		Release|Any CPU = Release|Any CPU
	EndGlobalSection
	GlobalSection(ProjectConfigurationPlatforms) = postSolution
		{6FD519B9-7A34-4452-A770-FE1AE15D884A}.Debug|Any CPU.ActiveCfg = Debug|Any CPU
		{6FD519B9-7A34-4452-A770-FE1AE15D884A}.Debug|Any CPU.Build.0 = Debug|Any CPU
		{6FD519B9-7A34-4452-A770-FE1AE15D884A}.Release|Any CPU.ActiveCfg = Release|Any CPU
		{6FD519B9-7A34-4452-A770-FE1AE15D884A}.Release|Any CPU.Build.0 = Release|Any CPU
	EndGlobalSection
	GlobalSection(SolutionProperties) = preSolution
		HideSolutionNode = FALSE
	EndGlobalSection
	GlobalSection(ExtensibilityGlobals) = postSolution
		SolutionGuid = {C931EDDC-5F33-48BF-AB69-AB51E87AF9C0}
	EndGlobalSection
EndGlobal
